
Microsoft Visual Studio Solution File, Format Version 12.00
# Visual Studio Version 16
VisualStudioVersion = 16.0.29905.134
MinimumVisualStudioVersion = 10.0.40219.1
Project("{FAE04EC0-301F-11D3-BF4B-00C04F79EFBC}") = "Vlec", "Vlec.csproj", "{32ECF056-B86C-4C8D-A063-84473E3D730F}"
EndProject
Global
	GlobalSection(SolutionConfigurationPlatforms) = preSolution
		Debug|Any CPU = Debug|Any CPU
		Release|Any CPU = Release|Any CPU
	EndGlobalSection
	GlobalSection(ProjectConfigurationPlatforms) = postSolution
		{32ECF056-B86C-4C8D-A063-84473E3D730F}.Debug|Any CPU.ActiveCfg = Debug|Any CPU
		{32ECF056-B86C-4C8D-A063-84473E3D730F}.Debug|Any CPU.Build.0 = Debug|Any CPU
		{32ECF056-B86C-4C8D-A063-84473E3D730F}.Release|Any CPU.ActiveCfg = Release|Any CPU
		{32ECF056-B86C-4C8D-A063-84473E3D730F}.Release|Any CPU.Build.0 = Release|Any CPU
	EndGlobalSection
	GlobalSection(SolutionProperties) = preSolution
		HideSolutionNode = FALSE
	EndGlobalSection
	GlobalSection(ExtensibilityGlobals) = postSolution
		SolutionGuid = {32C5A48D-2331-49D7-8196-F0F90B272CBB}
	EndGlobalSection
EndGlobal
